
Microsoft Visual Studio Solution File, Format Version 12.00
# Visual Studio Version 17
VisualStudioVersion = 17.13.35806.99
MinimumVisualStudioVersion = 10.0.40219.1
Project("{FAE04EC0-301F-11D3-BF4B-00C04F79EFBC}") = "SampleApp", "SampleApp\SampleApp.csproj", "{8D674FAF-6B9B-46C4-9FE9-3E3F2A11E05A}"
EndProject
Project("{FAE04EC0-301F-11D3-BF4B-00C04F79EFBC}") = "MyApp.DataAccess", "MyApp.DataAccess\MyApp.DataAccess.csproj", "{CFF07EF6-1792-4E6B-98AA-D4FD7688AA42}"
EndProject
Global
	GlobalSection(SolutionConfigurationPlatforms) = preSolution
		Debug|Any CPU = Debug|Any CPU
		Release|Any CPU = Release|Any CPU
	EndGlobalSection
	GlobalSection(ProjectConfigurationPlatforms) = postSolution
		{8D674FAF-6B9B-46C4-9FE9-3E3F2A11E05A}.Debug|Any CPU.ActiveCfg = Debug|Any CPU
		{8D674FAF-6B9B-46C4-9FE9-3E3F2A11E05A}.Debug|Any CPU.Build.0 = Debug|Any CPU
		{8D674FAF-6B9B-46C4-9FE9-3E3F2A11E05A}.Release|Any CPU.ActiveCfg = Release|Any CPU
		{8D674FAF-6B9B-46C4-9FE9-3E3F2A11E05A}.Release|Any CPU.Build.0 = Release|Any CPU
		{CFF07EF6-1792-4E6B-98AA-D4FD7688AA42}.Debug|Any CPU.ActiveCfg = Debug|Any CPU
		{CFF07EF6-1792-4E6B-98AA-D4FD7688AA42}.Debug|Any CPU.Build.0 = Debug|Any CPU
		{CFF07EF6-1792-4E6B-98AA-D4FD7688AA42}.Release|Any CPU.ActiveCfg = Release|Any CPU
		{CFF07EF6-1792-4E6B-98AA-D4FD7688AA42}.Release|Any CPU.Build.0 = Release|Any CPU
	EndGlobalSection
	GlobalSection(SolutionProperties) = preSolution
		HideSolutionNode = FALSE
	EndGlobalSection
	GlobalSection(ExtensibilityGlobals) = postSolution
		SolutionGuid = {03AFAF8A-93B4-4604-875C-78792EB108F2}
	EndGlobalSection
EndGlobal
